
Microsoft Visual Studio Solution File, Format Version 12.00
# Visual Studio Version 17
VisualStudioVersion = 17.10.35027.167
MinimumVisualStudioVersion = 10.0.40219.1
Project("{2150E333-8FDC-42A3-9474-1A3956D46DE8}") = "Infrastructure", "Infrastructure", "{74E7559D-55F7-4833-B3A0-0471317242CC}"
EndProject
Project("{2150E333-8FDC-42A3-9474-1A3956D46DE8}") = "Presentation", "Presentation", "{F2C70562-88C5-472B-B90A-92B7BC200B7F}"
EndProject
Project("{2150E333-8FDC-42A3-9474-1A3956D46DE8}") = "Core", "Core", "{996CB208-7006-4C8C-88C5-64A59E582ACD}"
EndProject
Project("{2150E333-8FDC-42A3-9474-1A3956D46DE8}") = "Tests", "Tests", "{1F80C279-2EE5-4AFA-AEBA-3416AFFA5EFB}"
EndProject
Project("{9A19103F-16F7-4668-BE54-9A1E7A4F7556}") = "Notes.Domain", "Notes.Domain\Notes.Domain.csproj", "{0B34E700-B141-4DC7-9380-EA33CD63C7B2}"
EndProject
Project("{9A19103F-16F7-4668-BE54-9A1E7A4F7556}") = "Notes.Application", "Notes.Application\Notes.Application.csproj", "{EC0DB2E1-666C-4645-B888-473CEEDAEB90}"
EndProject
Project("{9A19103F-16F7-4668-BE54-9A1E7A4F7556}") = "Notes.Persistence", "Notes.Persistence\Notes.Persistence.csproj", "{E70B96C5-6ED7-4DB3-8629-BC9B89545E6B}"
EndProject
Project("{9A19103F-16F7-4668-BE54-9A1E7A4F7556}") = "Notes.WebApi", "Notes.WebApi\Notes.WebApi.csproj", "{4A045F80-0A3B-46B9-84B1-EFAA1A5A83D8}"
EndProject
Global
	GlobalSection(SolutionConfigurationPlatforms) = preSolution
		Debug|Any CPU = Debug|Any CPU
		Release|Any CPU = Release|Any CPU
	EndGlobalSection
	GlobalSection(ProjectConfigurationPlatforms) = postSolution
		{0B34E700-B141-4DC7-9380-EA33CD63C7B2}.Debug|Any CPU.ActiveCfg = Debug|Any CPU
		{0B34E700-B141-4DC7-9380-EA33CD63C7B2}.Debug|Any CPU.Build.0 = Debug|Any CPU
		{0B34E700-B141-4DC7-9380-EA33CD63C7B2}.Release|Any CPU.ActiveCfg = Release|Any CPU
		{0B34E700-B141-4DC7-9380-EA33CD63C7B2}.Release|Any CPU.Build.0 = Release|Any CPU
		{EC0DB2E1-666C-4645-B888-473CEEDAEB90}.Debug|Any CPU.ActiveCfg = Debug|Any CPU
		{EC0DB2E1-666C-4645-B888-473CEEDAEB90}.Debug|Any CPU.Build.0 = Debug|Any CPU
		{EC0DB2E1-666C-4645-B888-473CEEDAEB90}.Release|Any CPU.ActiveCfg = Release|Any CPU
		{EC0DB2E1-666C-4645-B888-473CEEDAEB90}.Release|Any CPU.Build.0 = Release|Any CPU
		{E70B96C5-6ED7-4DB3-8629-BC9B89545E6B}.Debug|Any CPU.ActiveCfg = Debug|Any CPU
		{E70B96C5-6ED7-4DB3-8629-BC9B89545E6B}.Debug|Any CPU.Build.0 = Debug|Any CPU
		{E70B96C5-6ED7-4DB3-8629-BC9B89545E6B}.Release|Any CPU.ActiveCfg = Release|Any CPU
		{E70B96C5-6ED7-4DB3-8629-BC9B89545E6B}.Release|Any CPU.Build.0 = Release|Any CPU
		{4A045F80-0A3B-46B9-84B1-EFAA1A5A83D8}.Debug|Any CPU.ActiveCfg = Debug|Any CPU
		{4A045F80-0A3B-46B9-84B1-EFAA1A5A83D8}.Debug|Any CPU.Build.0 = Debug|Any CPU
		{4A045F80-0A3B-46B9-84B1-EFAA1A5A83D8}.Release|Any CPU.ActiveCfg = Release|Any CPU
		{4A045F80-0A3B-46B9-84B1-EFAA1A5A83D8}.Release|Any CPU.Build.0 = Release|Any CPU
	EndGlobalSection
	GlobalSection(SolutionProperties) = preSolution
		HideSolutionNode = FALSE
	EndGlobalSection
	GlobalSection(NestedProjects) = preSolution
		{0B34E700-B141-4DC7-9380-EA33CD63C7B2} = {996CB208-7006-4C8C-88C5-64A59E582ACD}
		{EC0DB2E1-666C-4645-B888-473CEEDAEB90} = {996CB208-7006-4C8C-88C5-64A59E582ACD}
		{E70B96C5-6ED7-4DB3-8629-BC9B89545E6B} = {74E7559D-55F7-4833-B3A0-0471317242CC}
		{4A045F80-0A3B-46B9-84B1-EFAA1A5A83D8} = {F2C70562-88C5-472B-B90A-92B7BC200B7F}
	EndGlobalSection
	GlobalSection(ExtensibilityGlobals) = postSolution
		SolutionGuid = {4E5A4791-F5C6-4DD4-BB82-5C1DB30AA500}
	EndGlobalSection
EndGlobal
